// !$*UTF8*$!
{
	archiveVersion = 1;
	classes = {
	};
	objectVersion = 56;
	objects = {

/* Begin PBXBuildFile section */
		E894667029D21EAD004EB4C8 /* TodoSwiftUiApp.swift in Sources */ = {isa = PBXBuildFile; fileRef = E894666F29D21EAD004EB4C8 /* TodoSwiftUiApp.swift */; };
		E894667229D21EAD004EB4C8 /* ContentView.swift in Sources */ = {isa = PBXBuildFile; fileRef = E894667129D21EAD004EB4C8 /* ContentView.swift */; };
		E894667429D21EAD004EB4C8 /* Assets.xcassets in Resources */ = {isa = PBXBuildFile; fileRef = E894667329D21EAD004EB4C8 /* Assets.xcassets */; };
		E894667729D21EAD004EB4C8 /* Preview Assets.xcassets in Resources */ = {isa = PBXBuildFile; fileRef = E894667629D21EAD004EB4C8 /* Preview Assets.xcassets */; };
		E894668129D21EAD004EB4C8 /* TodoSwiftUiTests.swift in Sources */ = {isa = PBXBuildFile; fileRef = E894668029D21EAD004EB4C8 /* TodoSwiftUiTests.swift */; };
		E894669C29D2240B004EB4C8 /* TodoDataModel.swift in Sources */ = {isa = PBXBuildFile; fileRef = E894669B29D2240B004EB4C8 /* TodoDataModel.swift */; };
		E894669E29D2241D004EB4C8 /* TodoViewModel.swift in Sources */ = {isa = PBXBuildFile; fileRef = E894669D29D2241D004EB4C8 /* TodoViewModel.swift */; };
		E89466A129D22CA3004EB4C8 /* ToDoAddView.swift in Sources */ = {isa = PBXBuildFile; fileRef = E89466A029D22CA3004EB4C8 /* ToDoAddView.swift */; };
		E89466A329D22CAE004EB4C8 /* ToDoView.swift in Sources */ = {isa = PBXBuildFile; fileRef = E89466A229D22CAE004EB4C8 /* ToDoView.swift */; };
		E89466A729D2CB4A004EB4C8 /* AddComponent.swift in Sources */ = {isa = PBXBuildFile; fileRef = E89466A629D2CB4A004EB4C8 /* AddComponent.swift */; };
/* End PBXBuildFile section */

/* Begin PBXContainerItemProxy section */
		E894667D29D21EAD004EB4C8 /* PBXContainerItemProxy */ = {
			isa = PBXContainerItemProxy;
			containerPortal = E894666429D21EAD004EB4C8 /* Project object */;
			proxyType = 1;
			remoteGlobalIDString = E894666B29D21EAD004EB4C8;
			remoteInfo = TodoSwiftUi;
		};
/* End PBXContainerItemProxy section */

/* Begin PBXFileReference section */
		E894666C29D21EAD004EB4C8 /* TodoSwiftUi.app */ = {isa = PBXFileReference; explicitFileType = wrapper.application; includeInIndex = 0; path = TodoSwiftUi.app; sourceTree = BUILT_PRODUCTS_DIR; };
		E894666F29D21EAD004EB4C8 /* TodoSwiftUiApp.swift */ = {isa = PBXFileReference; lastKnownFileType = sourcecode.swift; path = TodoSwiftUiApp.swift; sourceTree = "<group>"; };
		E894667129D21EAD004EB4C8 /* ContentView.swift */ = {isa = PBXFileReference; lastKnownFileType = sourcecode.swift; path = ContentView.swift; sourceTree = "<group>"; };
		E894667329D21EAD004EB4C8 /* Assets.xcassets */ = {isa = PBXFileReference; lastKnownFileType = folder.assetcatalog; path = Assets.xcassets; sourceTree = "<group>"; };
		E894667629D21EAD004EB4C8 /* Preview Assets.xcassets */ = {isa = PBXFileReference; lastKnownFileType = folder.assetcatalog; path = "Preview Assets.xcassets"; sourceTree = "<group>"; };
		E894667C29D21EAD004EB4C8 /* TodoSwiftUiTests.xctest */ = {isa = PBXFileReference; explicitFileType = wrapper.cfbundle; includeInIndex = 0; path = TodoSwiftUiTests.xctest; sourceTree = BUILT_PRODUCTS_DIR; };
		E894668029D21EAD004EB4C8 /* TodoSwiftUiTests.swift */ = {isa = PBXFileReference; lastKnownFileType = sourcecode.swift; path = TodoSwiftUiTests.swift; sourceTree = "<group>"; };
		E894669B29D2240B004EB4C8 /* TodoDataModel.swift */ = {isa = PBXFileReference; lastKnownFileType = sourcecode.swift; path = TodoDataModel.swift; sourceTree = "<group>"; };
		E894669D29D2241D004EB4C8 /* TodoViewModel.swift */ = {isa = PBXFileReference; lastKnownFileType = sourcecode.swift; path = TodoViewModel.swift; sourceTree = "<group>"; };
		E89466A029D22CA3004EB4C8 /* ToDoAddView.swift */ = {isa = PBXFileReference; lastKnownFileType = sourcecode.swift; path = ToDoAddView.swift; sourceTree = "<group>"; };
		E89466A229D22CAE004EB4C8 /* ToDoView.swift */ = {isa = PBXFileReference; lastKnownFileType = sourcecode.swift; path = ToDoView.swift; sourceTree = "<group>"; };
		E89466A629D2CB4A004EB4C8 /* AddComponent.swift */ = {isa = PBXFileReference; lastKnownFileType = sourcecode.swift; path = AddComponent.swift; sourceTree = "<group>"; };
/* End PBXFileReference section */

/* Begin PBXFrameworksBuildPhase section */
		E894666929D21EAD004EB4C8 /* Frameworks */ = {
			isa = PBXFrameworksBuildPhase;
			buildActionMask = 2147483647;
			files = (
			);
			runOnlyForDeploymentPostprocessing = 0;
		};
		E894667929D21EAD004EB4C8 /* Frameworks */ = {
			isa = PBXFrameworksBuildPhase;
			buildActionMask = 2147483647;
			files = (
			);
			runOnlyForDeploymentPostprocessing = 0;
		};
/* End PBXFrameworksBuildPhase section */

/* Begin PBXGroup section */
		E894666329D21EAD004EB4C8 = {
			isa = PBXGroup;
			children = (
				E894666E29D21EAD004EB4C8 /* TodoSwiftUi */,
				E894667F29D21EAD004EB4C8 /* TodoSwiftUiTests */,
				E894666D29D21EAD004EB4C8 /* Products */,
			);
			sourceTree = "<group>";
		};
		E894666D29D21EAD004EB4C8 /* Products */ = {
			isa = PBXGroup;
			children = (
				E894666C29D21EAD004EB4C8 /* TodoSwiftUi.app */,
				E894667C29D21EAD004EB4C8 /* TodoSwiftUiTests.xctest */,
			);
			name = Products;
			sourceTree = "<group>";
		};
		E894666E29D21EAD004EB4C8 /* TodoSwiftUi */ = {
			isa = PBXGroup;
			children = (
				E894666F29D21EAD004EB4C8 /* TodoSwiftUiApp.swift */,
				E894667129D21EAD004EB4C8 /* ContentView.swift */,
				E894669F29D22BF0004EB4C8 /* View */,
				E894669A29D223EE004EB4C8 /* ViewModel */,
				E894669929D223E1004EB4C8 /* Model */,
				E894667329D21EAD004EB4C8 /* Assets.xcassets */,
				E894667529D21EAD004EB4C8 /* Preview Content */,
			);
			path = TodoSwiftUi;
			sourceTree = "<group>";
		};
		E894667529D21EAD004EB4C8 /* Preview Content */ = {
			isa = PBXGroup;
			children = (
				E894667629D21EAD004EB4C8 /* Preview Assets.xcassets */,
			);
			path = "Preview Content";
			sourceTree = "<group>";
		};
		E894667F29D21EAD004EB4C8 /* TodoSwiftUiTests */ = {
			isa = PBXGroup;
			children = (
				E894668029D21EAD004EB4C8 /* TodoSwiftUiTests.swift */,
			);
			path = TodoSwiftUiTests;
			sourceTree = "<group>";
		};
		E894669929D223E1004EB4C8 /* Model */ = {
			isa = PBXGroup;
			children = (
				E894669B29D2240B004EB4C8 /* TodoDataModel.swift */,
			);
			path = Model;
			sourceTree = "<group>";
		};
		E894669A29D223EE004EB4C8 /* ViewModel */ = {
			isa = PBXGroup;
			children = (
				E894669D29D2241D004EB4C8 /* TodoViewModel.swift */,
			);
			path = ViewModel;
			sourceTree = "<group>";
		};
		E894669F29D22BF0004EB4C8 /* View */ = {
			isa = PBXGroup;
			children = (
				E89466A429D2CB24004EB4C8 /* AddView */,
				E89466A229D22CAE004EB4C8 /* ToDoView.swift */,
			);
			path = View;
			sourceTree = "<group>";
		};
		E89466A429D2CB24004EB4C8 /* AddView */ = {
			isa = PBXGroup;
			children = (
				E89466A029D22CA3004EB4C8 /* ToDoAddView.swift */,
				E89466A629D2CB4A004EB4C8 /* AddComponent.swift */,
			);
			path = AddView;
			sourceTree = "<group>";
		};
/* End PBXGroup section */

/* Begin PBXNativeTarget section */
		E894666B29D21EAD004EB4C8 /* TodoSwiftUi */ = {
			isa = PBXNativeTarget;
			buildConfigurationList = E894669029D21EAE004EB4C8 /* Build configuration list for PBXNativeTarget "TodoSwiftUi" */;
			buildPhases = (
				E894666829D21EAD004EB4C8 /* Sources */,
				E894666929D21EAD004EB4C8 /* Frameworks */,
				E894666A29D21EAD004EB4C8 /* Resources */,
			);
			buildRules = (
			);
			dependencies = (
			);
			name = TodoSwiftUi;
			productName = TodoSwiftUi;
			productReference = E894666C29D21EAD004EB4C8 /* TodoSwiftUi.app */;
			productType = "com.apple.product-type.application";
		};
		E894667B29D21EAD004EB4C8 /* TodoSwiftUiTests */ = {
			isa = PBXNativeTarget;
			buildConfigurationList = E894669329D21EAE004EB4C8 /* Build configuration list for PBXNativeTarget "TodoSwiftUiTests" */;
			buildPhases = (
				E894667829D21EAD004EB4C8 /* Sources */,
				E894667929D21EAD004EB4C8 /* Frameworks */,
				E894667A29D21EAD004EB4C8 /* Resources */,
			);
			buildRules = (
			);
			dependencies = (
				E894667E29D21EAD004EB4C8 /* PBXTargetDependency */,
			);
			name = TodoSwiftUiTests;
			productName = TodoSwiftUiTests;
			productReference = E894667C29D21EAD004EB4C8 /* TodoSwiftUiTests.xctest */;
			productType = "com.apple.product-type.bundle.unit-test";
		};
/* End PBXNativeTarget section */

/* Begin PBXProject section */
		E894666429D21EAD004EB4C8 /* Project object */ = {
			isa = PBXProject;
			attributes = {
				BuildIndependentTargetsInParallel = 1;
				LastSwiftUpdateCheck = 1420;
				LastUpgradeCheck = 1420;
				TargetAttributes = {
					E894666B29D21EAD004EB4C8 = {
						CreatedOnToolsVersion = 14.2;
					};
					E894667B29D21EAD004EB4C8 = {
						CreatedOnToolsVersion = 14.2;
						TestTargetID = E894666B29D21EAD004EB4C8;
					};
				};
			};
			buildConfigurationList = E894666729D21EAD004EB4C8 /* Build configuration list for PBXProject "TodoSwiftUi" */;
			compatibilityVersion = "Xcode 14.0";
			developmentRegion = en;
			hasScannedForEncodings = 0;
			knownRegions = (
				en,
				Base,
			);
			mainGroup = E894666329D21EAD004EB4C8;
			productRefGroup = E894666D29D21EAD004EB4C8 /* Products */;
			projectDirPath = "";
			projectRoot = "";
			targets = (
				E894666B29D21EAD004EB4C8 /* TodoSwiftUi */,
				E894667B29D21EAD004EB4C8 /* TodoSwiftUiTests */,
			);
		};
/* End PBXProject section */

/* Begin PBXResourcesBuildPhase section */
		E894666A29D21EAD004EB4C8 /* Resources */ = {
			isa = PBXResourcesBuildPhase;
			buildActionMask = 2147483647;
			files = (
				E894667729D21EAD004EB4C8 /* Preview Assets.xcassets in Resources */,
				E894667429D21EAD004EB4C8 /* Assets.xcassets in Resources */,
			);
			runOnlyForDeploymentPostprocessing = 0;
		};
		E894667A29D21EAD004EB4C8 /* Resources */ = {
			isa = PBXResourcesBuildPhase;
			buildActionMask = 2147483647;
			files = (
			);
			runOnlyForDeploymentPostprocessing = 0;
		};
/* End PBXResourcesBuildPhase section */

/* Begin PBXSourcesBuildPhase section */
		E894666829D21EAD004EB4C8 /* Sources */ = {
			isa = PBXSourcesBuildPhase;
			buildActionMask = 2147483647;
			files = (
				E894669E29D2241D004EB4C8 /* TodoViewModel.swift in Sources */,
				E89466A129D22CA3004EB4C8 /* ToDoAddView.swift in Sources */,
				E89466A729D2CB4A004EB4C8 /* AddComponent.swift in Sources */,
				E894667229D21EAD004EB4C8 /* ContentView.swift in Sources */,
				E894669C29D2240B004EB4C8 /* TodoDataModel.swift in Sources */,
				E89466A329D22CAE004EB4C8 /* ToDoView.swift in Sources */,
				E894667029D21EAD004EB4C8 /* TodoSwiftUiApp.swift in Sources */,
			);
			runOnlyForDeploymentPostprocessing = 0;
		};
		E894667829D21EAD004EB4C8 /* Sources */ = {
			isa = PBXSourcesBuildPhase;
			buildActionMask = 2147483647;
			files = (
				E894668129D21EAD004EB4C8 /* TodoSwiftUiTests.swift in Sources */,
			);
			runOnlyForDeploymentPostprocessing = 0;
		};
/* End PBXSourcesBuildPhase section */

/* Begin PBXTargetDependency section */
		E894667E29D21EAD004EB4C8 /* PBXTargetDependency */ = {
			isa = PBXTargetDependency;
			target = E894666B29D21EAD004EB4C8 /* TodoSwiftUi */;
			targetProxy = E894667D29D21EAD004EB4C8 /* PBXContainerItemProxy */;
		};
/* End PBXTargetDependency section */

/* Begin XCBuildConfiguration section */
		E894668E29D21EAE004EB4C8 /* Debug */ = {
			isa = XCBuildConfiguration;
			buildSettings = {
				ALWAYS_SEARCH_USER_PATHS = NO;
				CLANG_ANALYZER_NONNULL = YES;
				CLANG_ANALYZER_NUMBER_OBJECT_CONVERSION = YES_AGGRESSIVE;
				CLANG_CXX_LANGUAGE_STANDARD = "gnu++20";
				CLANG_ENABLE_MODULES = YES;
				CLANG_ENABLE_OBJC_ARC = YES;
				CLANG_ENABLE_OBJC_WEAK = YES;
				CLANG_WARN_BLOCK_CAPTURE_AUTORELEASING = YES;
				CLANG_WARN_BOOL_CONVERSION = YES;
				CLANG_WARN_COMMA = YES;
				CLANG_WARN_CONSTANT_CONVERSION = YES;
				CLANG_WARN_DEPRECATED_OBJC_IMPLEMENTATIONS = YES;
				CLANG_WARN_DIRECT_OBJC_ISA_USAGE = YES_ERROR;
				CLANG_WARN_DOCUMENTATION_COMMENTS = YES;
				CLANG_WARN_EMPTY_BODY = YES;
				CLANG_WARN_ENUM_CONVERSION = YES;
				CLANG_WARN_INFINITE_RECURSION = YES;
				CLANG_WARN_INT_CONVERSION = YES;
				CLANG_WARN_NON_LITERAL_NULL_CONVERSION = YES;
				CLANG_WARN_OBJC_IMPLICIT_RETAIN_SELF = YES;
				CLANG_WARN_OBJC_LITERAL_CONVERSION = YES;
				CLANG_WARN_OBJC_ROOT_CLASS = YES_ERROR;
				CLANG_WARN_QUOTED_INCLUDE_IN_FRAMEWORK_HEADER = YES;
				CLANG_WARN_RANGE_LOOP_ANALYSIS = YES;
				CLANG_WARN_STRICT_PROTOTYPES = YES;
				CLANG_WARN_SUSPICIOUS_MOVE = YES;
				CLANG_WARN_UNGUARDED_AVAILABILITY = YES_AGGRESSIVE;
				CLANG_WARN_UNREACHABLE_CODE = YES;
				CLANG_WARN__DUPLICATE_METHOD_MATCH = YES;
				COPY_PHASE_STRIP = NO;
				DEBUG_INFORMATION_FORMAT = dwarf;
				ENABLE_STRICT_OBJC_MSGSEND = YES;
				ENABLE_TESTABILITY = YES;
				GCC_C_LANGUAGE_STANDARD = gnu11;
				GCC_DYNAMIC_NO_PIC = NO;
				GCC_NO_COMMON_BLOCKS = YES;
				GCC_OPTIMIZATION_LEVEL = 0;
				GCC_PREPROCESSOR_DEFINITIONS = (
					"DEBUG=1",
					"$(inherited)",
				);
				GCC_WARN_64_TO_32_BIT_CONVERSION = YES;
				GCC_WARN_ABOUT_RETURN_TYPE = YES_ERROR;
				GCC_WARN_UNDECLARED_SELECTOR = YES;
				GCC_WARN_UNINITIALIZED_AUTOS = YES_AGGRESSIVE;
				GCC_WARN_UNUSED_FUNCTION = YES;
				GCC_WARN_UNUSED_VARIABLE = YES;
				IPHONEOS_DEPLOYMENT_TARGET = 16.2;
				MTL_ENABLE_DEBUG_INFO = INCLUDE_SOURCE;
				MTL_FAST_MATH = YES;
				ONLY_ACTIVE_ARCH = YES;
				SDKROOT = iphoneos;
				SWIFT_ACTIVE_COMPILATION_CONDITIONS = DEBUG;
				SWIFT_OPTIMIZATION_LEVEL = "-Onone";
			};
			name = Debug;
		};
		E894668F29D21EAE004EB4C8 /* Release */ = {
			isa = XCBuildConfiguration;
			buildSettings = {
				ALWAYS_SEARCH_USER_PATHS = NO;
				CLANG_ANALYZER_NONNULL = YES;
				CLANG_ANALYZER_NUMBER_OBJECT_CONVERSION = YES_AGGRESSIVE;
				CLANG_CXX_LANGUAGE_STANDARD = "gnu++20";
				CLANG_ENABLE_MODULES = YES;
				CLANG_ENABLE_OBJC_ARC = YES;
				CLANG_ENABLE_OBJC_WEAK = YES;
				CLANG_WARN_BLOCK_CAPTURE_AUTORELEASING = YES;
				CLANG_WARN_BOOL_CONVERSION = YES;
				CLANG_WARN_COMMA = YES;
				CLANG_WARN_CONSTANT_CONVERSION = YES;
				CLANG_WARN_DEPRECATED_OBJC_IMPLEMENTATIONS = YES;
				CLANG_WARN_DIRECT_OBJC_ISA_USAGE = YES_ERROR;
				CLANG_WARN_DOCUMENTATION_COMMENTS = YES;
				CLANG_WARN_EMPTY_BODY = YES;
				CLANG_WARN_ENUM_CONVERSION = YES;
				CLANG_WARN_INFINITE_RECURSION = YES;
				CLANG_WARN_INT_CONVERSION = YES;
				CLANG_WARN_NON_LITERAL_NULL_CONVERSION = YES;
				CLANG_WARN_OBJC_IMPLICIT_RETAIN_SELF = YES;
				CLANG_WARN_OBJC_LITERAL_CONVERSION = YES;
				CLANG_WARN_OBJC_ROOT_CLASS = YES_ERROR;
				CLANG_WARN_QUOTED_INCLUDE_IN_FRAMEWORK_HEADER = YES;
				CLANG_WARN_RANGE_LOOP_ANALYSIS = YES;
				CLANG_WARN_STRICT_PROTOTYPES = YES;
				CLANG_WARN_SUSPICIOUS_MOVE = YES;
				CLANG_WARN_UNGUARDED_AVAILABILITY = YES_AGGRESSIVE;
				CLANG_WARN_UNREACHABLE_CODE = YES;
				CLANG_WARN__DUPLICATE_METHOD_MATCH = YES;
				COPY_PHASE_STRIP = NO;
				DEBUG_INFORMATION_FORMAT = "dwarf-with-dsym";
				ENABLE_NS_ASSERTIONS = NO;
				ENABLE_STRICT_OBJC_MSGSEND = YES;
				GCC_C_LANGUAGE_STANDARD = gnu11;
				GCC_NO_COMMON_BLOCKS = YES;
				GCC_WARN_64_TO_32_BIT_CONVERSION = YES;
				GCC_WARN_ABOUT_RETURN_TYPE = YES_ERROR;
				GCC_WARN_UNDECLARED_SELECTOR = YES;
				GCC_WARN_UNINITIALIZED_AUTOS = YES_AGGRESSIVE;
				GCC_WARN_UNUSED_FUNCTION = YES;
				GCC_WARN_UNUSED_VARIABLE = YES;
				IPHONEOS_DEPLOYMENT_TARGET = 16.2;
				MTL_ENABLE_DEBUG_INFO = NO;
				MTL_FAST_MATH = YES;
				SDKROOT = iphoneos;
				SWIFT_COMPILATION_MODE = wholemodule;
				SWIFT_OPTIMIZATION_LEVEL = "-O";
				VALIDATE_PRODUCT = YES;
			};
			name = Release;
		};
		E894669129D21EAE004EB4C8 /* Debug */ = {
			isa = XCBuildConfiguration;
			buildSettings = {
				ASSETCATALOG_COMPILER_APPICON_NAME = AppIcon;
				ASSETCATALOG_COMPILER_GLOBAL_ACCENT_COLOR_NAME = AccentColor;
				CODE_SIGN_STYLE = Automatic;
				CURRENT_PROJECT_VERSION = 1;
				DEVELOPMENT_ASSET_PATHS = "\"TodoSwiftUi/Preview Content\"";
				DEVELOPMENT_TEAM = CCTRH8QQF8;
				ENABLE_PREVIEWS = YES;
				GENERATE_INFOPLIST_FILE = YES;
				INFOPLIST_KEY_UIApplicationSceneManifest_Generation = YES;
				INFOPLIST_KEY_UIApplicationSupportsIndirectInputEvents = YES;
				INFOPLIST_KEY_UILaunchScreen_Generation = YES;
				INFOPLIST_KEY_UISupportedInterfaceOrientations_iPad = "UIInterfaceOrientationPortrait UIInterfaceOrientationPortraitUpsideDown UIInterfaceOrientationLandscapeLeft UIInterfaceOrientationLandscapeRight";
				INFOPLIST_KEY_UISupportedInterfaceOrientations_iPhone = "UIInterfaceOrientationPortrait UIInterfaceOrientationLandscapeLeft UIInterfaceOrientationLandscapeRight";
				LD_RUNPATH_SEARCH_PATHS = (
					"$(inherited)",
					"@executable_path/Frameworks",
				);
				MARKETING_VERSION = 1.0;
				PRODUCT_BUNDLE_IDENTIFIER = soon.TodoSwiftUi;
				PRODUCT_NAME = "$(TARGET_NAME)";
				SWIFT_EMIT_LOC_STRINGS = YES;
				SWIFT_VERSION = 5.0;
				TARGETED_DEVICE_FAMILY = "1,2";
			};
			name = Debug;
		};
		E894669229D21EAE004EB4C8 /* Release */ = {
			isa = XCBuildConfiguration;
			buildSettings = {
				ASSETCATALOG_COMPILER_APPICON_NAME = AppIcon;
				ASSETCATALOG_COMPILER_GLOBAL_ACCENT_COLOR_NAME = AccentColor;
				CODE_SIGN_STYLE = Automatic;
				CURRENT_PROJECT_VERSION = 1;
				DEVELOPMENT_ASSET_PATHS = "\"TodoSwiftUi/Preview Content\"";
				DEVELOPMENT_TEAM = CCTRH8QQF8;
				ENABLE_PREVIEWS = YES;
				GENERATE_INFOPLIST_FILE = YES;
				INFOPLIST_KEY_UIApplicationSceneManifest_Generation = YES;
				INFOPLIST_KEY_UIApplicationSupportsIndirectInputEvents = YES;
				INFOPLIST_KEY_UILaunchScreen_Generation = YES;
				INFOPLIST_KEY_UISupportedInterfaceOrientations_iPad = "UIInterfaceOrientationPortrait UIInterfaceOrientationPortraitUpsideDown UIInterfaceOrientationLandscapeLeft UIInterfaceOrientationLandscapeRight";
				INFOPLIST_KEY_UISupportedInterfaceOrientations_iPhone = "UIInterfaceOrientationPortrait UIInterfaceOrientationLandscapeLeft UIInterfaceOrientationLandscapeRight";
				LD_RUNPATH_SEARCH_PATHS = (
					"$(inherited)",
					"@executable_path/Frameworks",
				);
				MARKETING_VERSION = 1.0;
				PRODUCT_BUNDLE_IDENTIFIER = soon.TodoSwiftUi;
				PRODUCT_NAME = "$(TARGET_NAME)";
				SWIFT_EMIT_LOC_STRINGS = YES;
				SWIFT_VERSION = 5.0;
				TARGETED_DEVICE_FAMILY = "1,2";
			};
			name = Release;
		};
		E894669429D21EAE004EB4C8 /* Debug */ = {
			isa = XCBuildConfiguration;
			buildSettings = {
				ALWAYS_EMBED_SWIFT_STANDARD_LIBRARIES = YES;
				BUNDLE_LOADER = "$(TEST_HOST)";
				CODE_SIGN_STYLE = Automatic;
				CURRENT_PROJECT_VERSION = 1;
				DEVELOPMENT_TEAM = CCTRH8QQF8;
				GENERATE_INFOPLIST_FILE = YES;
				IPHONEOS_DEPLOYMENT_TARGET = 16.2;
				MARKETING_VERSION = 1.0;
				PRODUCT_BUNDLE_IDENTIFIER = soon.TodoSwiftUiTests;
				PRODUCT_NAME = "$(TARGET_NAME)";
				SWIFT_EMIT_LOC_STRINGS = NO;
				SWIFT_VERSION = 5.0;
				TARGETED_DEVICE_FAMILY = "1,2";
				TEST_HOST = "$(BUILT_PRODUCTS_DIR)/TodoSwiftUi.app/$(BUNDLE_EXECUTABLE_FOLDER_PATH)/TodoSwiftUi";
			};
			name = Debug;
		};
		E894669529D21EAE004EB4C8 /* Release */ = {
			isa = XCBuildConfiguration;
			buildSettings = {
				ALWAYS_EMBED_SWIFT_STANDARD_LIBRARIES = YES;
				BUNDLE_LOADER = "$(TEST_HOST)";
				CODE_SIGN_STYLE = Automatic;
				CURRENT_PROJECT_VERSION = 1;
				DEVELOPMENT_TEAM = CCTRH8QQF8;
				GENERATE_INFOPLIST_FILE = YES;
				IPHONEOS_DEPLOYMENT_TARGET = 16.2;
				MARKETING_VERSION = 1.0;
				PRODUCT_BUNDLE_IDENTIFIER = soon.TodoSwiftUiTests;
				PRODUCT_NAME = "$(TARGET_NAME)";
				SWIFT_EMIT_LOC_STRINGS = NO;
				SWIFT_VERSION = 5.0;
				TARGETED_DEVICE_FAMILY = "1,2";
				TEST_HOST = "$(BUILT_PRODUCTS_DIR)/TodoSwiftUi.app/$(BUNDLE_EXECUTABLE_FOLDER_PATH)/TodoSwiftUi";
			};
			name = Release;
		};
/* End XCBuildConfiguration section */

/* Begin XCConfigurationList section */
		E894666729D21EAD004EB4C8 /* Build configuration list for PBXProject "TodoSwiftUi" */ = {
			isa = XCConfigurationList;
			buildConfigurations = (
				E894668E29D21EAE004EB4C8 /* Debug */,
				E894668F29D21EAE004EB4C8 /* Release */,
			);
			defaultConfigurationIsVisible = 0;
			defaultConfigurationName = Release;
		};
		E894669029D21EAE004EB4C8 /* Build configuration list for PBXNativeTarget "TodoSwiftUi" */ = {
			isa = XCConfigurationList;
			buildConfigurations = (
				E894669129D21EAE004EB4C8 /* Debug */,
				E894669229D21EAE004EB4C8 /* Release */,
			);
			defaultConfigurationIsVisible = 0;
			defaultConfigurationName = Release;
		};
		E894669329D21EAE004EB4C8 /* Build configuration list for PBXNativeTarget "TodoSwiftUiTests" */ = {
			isa = XCConfigurationList;
			buildConfigurations = (
				E894669429D21EAE004EB4C8 /* Debug */,
				E894669529D21EAE004EB4C8 /* Release */,
			);
			defaultConfigurationIsVisible = 0;
			defaultConfigurationName = Release;
		};
/* End XCConfigurationList section */
	};
	rootObject = E894666429D21EAD004EB4C8 /* Project object */;
}
